
Microsoft Visual Studio Solution File, Format Version 12.00
# Visual Studio Version 17
VisualStudioVersion = 17.7.34031.279
MinimumVisualStudioVersion = 10.0.40219.1
Project("{FAE04EC0-301F-11D3-BF4B-00C04F79EFBC}") = "ArrayShift", "ArrayShift\ArrayShift.csproj", "{851DAFC6-660E-484D-B5E7-13F868417531}"
EndProject
Global
	GlobalSection(SolutionConfigurationPlatforms) = preSolution
		Debug|Any CPU = Debug|Any CPU
		Release|Any CPU = Release|Any CPU
	EndGlobalSection
	GlobalSection(ProjectConfigurationPlatforms) = postSolution
		{851DAFC6-660E-484D-B5E7-13F868417531}.Debug|Any CPU.ActiveCfg = Debug|Any CPU
		{851DAFC6-660E-484D-B5E7-13F868417531}.Debug|Any CPU.Build.0 = Debug|Any CPU
		{851DAFC6-660E-484D-B5E7-13F868417531}.Release|Any CPU.ActiveCfg = Release|Any CPU
		{851DAFC6-660E-484D-B5E7-13F868417531}.Release|Any CPU.Build.0 = Release|Any CPU
	EndGlobalSection
	GlobalSection(SolutionProperties) = preSolution
		HideSolutionNode = FALSE
	EndGlobalSection
	GlobalSection(ExtensibilityGlobals) = postSolution
		SolutionGuid = {B1D3CD75-5E5E-48D6-8BC7-553E2532E98C}
	EndGlobalSection
EndGlobal
